
Microsoft Visual Studio Solution File, Format Version 12.00
# Visual Studio Version 16
VisualStudioVersion = 16.0.30907.101
MinimumVisualStudioVersion = 10.0.40219.1
Project("{FAE04EC0-301F-11D3-BF4B-00C04F79EFBC}") = "XamarinFormsBaseProject.UWP", "XamarinFormsBaseProject\XamarinFormsBaseProject.UWP\XamarinFormsBaseProject.UWP.csproj", "{E4DEE96C-17C7-44CA-B61B-FCEBCD2D526A}"
EndProject
Project("{FAE04EC0-301F-11D3-BF4B-00C04F79EFBC}") = "XamarinFormsBaseProject.Android", "XamarinFormsBaseProject\XamarinFormsBaseProject.Android\XamarinFormsBaseProject.Android.csproj", "{BC571E6E-2FB0-413D-88AC-C279E2DD60DD}"
EndProject
Project("{FAE04EC0-301F-11D3-BF4B-00C04F79EFBC}") = "XamarinFormsBaseProject.iOS", "XamarinFormsBaseProject\XamarinFormsBaseProject.iOS\XamarinFormsBaseProject.iOS.csproj", "{353A4FEA-62D5-4D45-B469-95925220BC3A}"
EndProject
Project("{FAE04EC0-301F-11D3-BF4B-00C04F79EFBC}") = "XamarinFormsBaseProject", "XamarinFormsBaseProject\XamarinFormsBaseProject\XamarinFormsBaseProject.csproj", "{D1988BED-E3D5-4E1C-AEBA-47F288C4B25D}"
EndProject
Global
	GlobalSection(SolutionConfigurationPlatforms) = preSolution
		Debug|Any CPU = Debug|Any CPU
		Debug|ARM = Debug|ARM
		Debug|iPhone = Debug|iPhone
		Debug|iPhoneSimulator = Debug|iPhoneSimulator
		Debug|x64 = Debug|x64
		Debug|x86 = Debug|x86
		Release|Any CPU = Release|Any CPU
		Release|ARM = Release|ARM
		Release|iPhone = Release|iPhone
		Release|iPhoneSimulator = Release|iPhoneSimulator
		Release|x64 = Release|x64
		Release|x86 = Release|x86
	EndGlobalSection
	GlobalSection(ProjectConfigurationPlatforms) = postSolution
		{E4DEE96C-17C7-44CA-B61B-FCEBCD2D526A}.Debug|Any CPU.ActiveCfg = Debug|x86
		{E4DEE96C-17C7-44CA-B61B-FCEBCD2D526A}.Debug|Any CPU.Build.0 = Debug|x86
		{E4DEE96C-17C7-44CA-B61B-FCEBCD2D526A}.Debug|Any CPU.Deploy.0 = Debug|x86
		{E4DEE96C-17C7-44CA-B61B-FCEBCD2D526A}.Debug|ARM.ActiveCfg = Debug|ARM
		{E4DEE96C-17C7-44CA-B61B-FCEBCD2D526A}.Debug|ARM.Build.0 = Debug|ARM
		{E4DEE96C-17C7-44CA-B61B-FCEBCD2D526A}.Debug|ARM.Deploy.0 = Debug|ARM
		{E4DEE96C-17C7-44CA-B61B-FCEBCD2D526A}.Debug|iPhone.ActiveCfg = Debug|x86
		{E4DEE96C-17C7-44CA-B61B-FCEBCD2D526A}.Debug|iPhone.Build.0 = Debug|x86
		{E4DEE96C-17C7-44CA-B61B-FCEBCD2D526A}.Debug|iPhone.Deploy.0 = Debug|x86
		{E4DEE96C-17C7-44CA-B61B-FCEBCD2D526A}.Debug|iPhoneSimulator.ActiveCfg = Debug|x86
		{E4DEE96C-17C7-44CA-B61B-FCEBCD2D526A}.Debug|iPhoneSimulator.Build.0 = Debug|x86
		{E4DEE96C-17C7-44CA-B61B-FCEBCD2D526A}.Debug|iPhoneSimulator.Deploy.0 = Debug|x86
		{E4DEE96C-17C7-44CA-B61B-FCEBCD2D526A}.Debug|x64.ActiveCfg = Debug|x64
		{E4DEE96C-17C7-44CA-B61B-FCEBCD2D526A}.Debug|x64.Build.0 = Debug|x64
		{E4DEE96C-17C7-44CA-B61B-FCEBCD2D526A}.Debug|x64.Deploy.0 = Debug|x64
		{E4DEE96C-17C7-44CA-B61B-FCEBCD2D526A}.Debug|x86.ActiveCfg = Debug|x86
		{E4DEE96C-17C7-44CA-B61B-FCEBCD2D526A}.Debug|x86.Build.0 = Debug|x86
		{E4DEE96C-17C7-44CA-B61B-FCEBCD2D526A}.Debug|x86.Deploy.0 = Debug|x86
		{E4DEE96C-17C7-44CA-B61B-FCEBCD2D526A}.Release|Any CPU.ActiveCfg = Release|x86
		{E4DEE96C-17C7-44CA-B61B-FCEBCD2D526A}.Release|Any CPU.Build.0 = Release|x86
		{E4DEE96C-17C7-44CA-B61B-FCEBCD2D526A}.Release|Any CPU.Deploy.0 = Release|x86
		{E4DEE96C-17C7-44CA-B61B-FCEBCD2D526A}.Release|ARM.ActiveCfg = Release|ARM
		{E4DEE96C-17C7-44CA-B61B-FCEBCD2D526A}.Release|ARM.Build.0 = Release|ARM
		{E4DEE96C-17C7-44CA-B61B-FCEBCD2D526A}.Release|ARM.Deploy.0 = Release|ARM
		{E4DEE96C-17C7-44CA-B61B-FCEBCD2D526A}.Release|iPhone.ActiveCfg = Release|x86
		{E4DEE96C-17C7-44CA-B61B-FCEBCD2D526A}.Release|iPhone.Build.0 = Release|x86
		{E4DEE96C-17C7-44CA-B61B-FCEBCD2D526A}.Release|iPhone.Deploy.0 = Release|x86
		{E4DEE96C-17C7-44CA-B61B-FCEBCD2D526A}.Release|iPhoneSimulator.ActiveCfg = Release|x86
		{E4DEE96C-17C7-44CA-B61B-FCEBCD2D526A}.Release|iPhoneSimulator.Build.0 = Release|x86
		{E4DEE96C-17C7-44CA-B61B-FCEBCD2D526A}.Release|iPhoneSimulator.Deploy.0 = Release|x86
		{E4DEE96C-17C7-44CA-B61B-FCEBCD2D526A}.Release|x64.ActiveCfg = Release|x64
		{E4DEE96C-17C7-44CA-B61B-FCEBCD2D526A}.Release|x64.Build.0 = Release|x64
		{E4DEE96C-17C7-44CA-B61B-FCEBCD2D526A}.Release|x64.Deploy.0 = Release|x64
		{E4DEE96C-17C7-44CA-B61B-FCEBCD2D526A}.Release|x86.ActiveCfg = Release|x86
		{E4DEE96C-17C7-44CA-B61B-FCEBCD2D526A}.Release|x86.Build.0 = Release|x86
		{E4DEE96C-17C7-44CA-B61B-FCEBCD2D526A}.Release|x86.Deploy.0 = Release|x86
		{BC571E6E-2FB0-413D-88AC-C279E2DD60DD}.Debug|Any CPU.ActiveCfg = Debug|Any CPU
		{BC571E6E-2FB0-413D-88AC-C279E2DD60DD}.Debug|Any CPU.Build.0 = Debug|Any CPU
		{BC571E6E-2FB0-413D-88AC-C279E2DD60DD}.Debug|Any CPU.Deploy.0 = Debug|Any CPU
		{BC571E6E-2FB0-413D-88AC-C279E2DD60DD}.Debug|ARM.ActiveCfg = Debug|Any CPU
		{BC571E6E-2FB0-413D-88AC-C279E2DD60DD}.Debug|ARM.Build.0 = Debug|Any CPU
		{BC571E6E-2FB0-413D-88AC-C279E2DD60DD}.Debug|ARM.Deploy.0 = Debug|Any CPU
		{BC571E6E-2FB0-413D-88AC-C279E2DD60DD}.Debug|iPhone.ActiveCfg = Debug|Any CPU
		{BC571E6E-2FB0-413D-88AC-C279E2DD60DD}.Debug|iPhone.Build.0 = Debug|Any CPU
		{BC571E6E-2FB0-413D-88AC-C279E2DD60DD}.Debug|iPhone.Deploy.0 = Debug|Any CPU
		{BC571E6E-2FB0-413D-88AC-C279E2DD60DD}.Debug|iPhoneSimulator.ActiveCfg = Debug|Any CPU
		{BC571E6E-2FB0-413D-88AC-C279E2DD60DD}.Debug|iPhoneSimulator.Build.0 = Debug|Any CPU
		{BC571E6E-2FB0-413D-88AC-C279E2DD60DD}.Debug|iPhoneSimulator.Deploy.0 = Debug|Any CPU
		{BC571E6E-2FB0-413D-88AC-C279E2DD60DD}.Debug|x64.ActiveCfg = Debug|Any CPU
		{BC571E6E-2FB0-413D-88AC-C279E2DD60DD}.Debug|x64.Build.0 = Debug|Any CPU
		{BC571E6E-2FB0-413D-88AC-C279E2DD60DD}.Debug|x64.Deploy.0 = Debug|Any CPU
		{BC571E6E-2FB0-413D-88AC-C279E2DD60DD}.Debug|x86.ActiveCfg = Debug|Any CPU
		{BC571E6E-2FB0-413D-88AC-C279E2DD60DD}.Debug|x86.Build.0 = Debug|Any CPU
		{BC571E6E-2FB0-413D-88AC-C279E2DD60DD}.Debug|x86.Deploy.0 = Debug|Any CPU
		{BC571E6E-2FB0-413D-88AC-C279E2DD60DD}.Release|Any CPU.ActiveCfg = Release|Any CPU
		{BC571E6E-2FB0-413D-88AC-C279E2DD60DD}.Release|Any CPU.Build.0 = Release|Any CPU
		{BC571E6E-2FB0-413D-88AC-C279E2DD60DD}.Release|Any CPU.Deploy.0 = Release|Any CPU
		{BC571E6E-2FB0-413D-88AC-C279E2DD60DD}.Release|ARM.ActiveCfg = Release|Any CPU
		{BC571E6E-2FB0-413D-88AC-C279E2DD60DD}.Release|ARM.Build.0 = Release|Any CPU
		{BC571E6E-2FB0-413D-88AC-C279E2DD60DD}.Release|ARM.Deploy.0 = Release|Any CPU
		{BC571E6E-2FB0-413D-88AC-C279E2DD60DD}.Release|iPhone.ActiveCfg = Release|Any CPU
		{BC571E6E-2FB0-413D-88AC-C279E2DD60DD}.Release|iPhone.Build.0 = Release|Any CPU
		{BC571E6E-2FB0-413D-88AC-C279E2DD60DD}.Release|iPhone.Deploy.0 = Release|Any CPU
		{BC571E6E-2FB0-413D-88AC-C279E2DD60DD}.Release|iPhoneSimulator.ActiveCfg = Release|Any CPU
		{BC571E6E-2FB0-413D-88AC-C279E2DD60DD}.Release|iPhoneSimulator.Build.0 = Release|Any CPU
		{BC571E6E-2FB0-413D-88AC-C279E2DD60DD}.Release|iPhoneSimulator.Deploy.0 = Release|Any CPU
		{BC571E6E-2FB0-413D-88AC-C279E2DD60DD}.Release|x64.ActiveCfg = Release|Any CPU
		{BC571E6E-2FB0-413D-88AC-C279E2DD60DD}.Release|x64.Build.0 = Release|Any CPU
		{BC571E6E-2FB0-413D-88AC-C279E2DD60DD}.Release|x64.Deploy.0 = Release|Any CPU
		{BC571E6E-2FB0-413D-88AC-C279E2DD60DD}.Release|x86.ActiveCfg = Release|Any CPU
		{BC571E6E-2FB0-413D-88AC-C279E2DD60DD}.Release|x86.Build.0 = Release|Any CPU
		{BC571E6E-2FB0-413D-88AC-C279E2DD60DD}.Release|x86.Deploy.0 = Release|Any CPU
		{353A4FEA-62D5-4D45-B469-95925220BC3A}.Debug|Any CPU.ActiveCfg = Debug|iPhoneSimulator
		{353A4FEA-62D5-4D45-B469-95925220BC3A}.Debug|Any CPU.Build.0 = Debug|iPhoneSimulator
		{353A4FEA-62D5-4D45-B469-95925220BC3A}.Debug|Any CPU.Deploy.0 = Debug|iPhoneSimulator
		{353A4FEA-62D5-4D45-B469-95925220BC3A}.Debug|ARM.ActiveCfg = Debug|iPhone
		{353A4FEA-62D5-4D45-B469-95925220BC3A}.Debug|ARM.Build.0 = Debug|iPhone
		{353A4FEA-62D5-4D45-B469-95925220BC3A}.Debug|ARM.Deploy.0 = Debug|iPhone
		{353A4FEA-62D5-4D45-B469-95925220BC3A}.Debug|iPhone.ActiveCfg = Debug|iPhone
		{353A4FEA-62D5-4D45-B469-95925220BC3A}.Debug|iPhone.Build.0 = Debug|iPhone
		{353A4FEA-62D5-4D45-B469-95925220BC3A}.Debug|iPhone.Deploy.0 = Debug|iPhone
		{353A4FEA-62D5-4D45-B469-95925220BC3A}.Debug|iPhoneSimulator.ActiveCfg = Debug|iPhoneSimulator
		{353A4FEA-62D5-4D45-B469-95925220BC3A}.Debug|iPhoneSimulator.Build.0 = Debug|iPhoneSimulator
		{353A4FEA-62D5-4D45-B469-95925220BC3A}.Debug|iPhoneSimulator.Deploy.0 = Debug|iPhoneSimulator
		{353A4FEA-62D5-4D45-B469-95925220BC3A}.Debug|x64.ActiveCfg = Debug|iPhoneSimulator
		{353A4FEA-62D5-4D45-B469-95925220BC3A}.Debug|x64.Build.0 = Debug|iPhoneSimulator
		{353A4FEA-62D5-4D45-B469-95925220BC3A}.Debug|x64.Deploy.0 = Debug|iPhoneSimulator
		{353A4FEA-62D5-4D45-B469-95925220BC3A}.Debug|x86.ActiveCfg = Debug|iPhoneSimulator
		{353A4FEA-62D5-4D45-B469-95925220BC3A}.Debug|x86.Build.0 = Debug|iPhoneSimulator
		{353A4FEA-62D5-4D45-B469-95925220BC3A}.Debug|x86.Deploy.0 = Debug|iPhoneSimulator
		{353A4FEA-62D5-4D45-B469-95925220BC3A}.Release|Any CPU.ActiveCfg = Release|iPhoneSimulator
		{353A4FEA-62D5-4D45-B469-95925220BC3A}.Release|Any CPU.Build.0 = Release|iPhoneSimulator
		{353A4FEA-62D5-4D45-B469-95925220BC3A}.Release|Any CPU.Deploy.0 = Release|iPhoneSimulator
		{353A4FEA-62D5-4D45-B469-95925220BC3A}.Release|ARM.ActiveCfg = Release|iPhoneSimulator
		{353A4FEA-62D5-4D45-B469-95925220BC3A}.Release|ARM.Build.0 = Release|iPhoneSimulator
		{353A4FEA-62D5-4D45-B469-95925220BC3A}.Release|ARM.Deploy.0 = Release|iPhoneSimulator
		{353A4FEA-62D5-4D45-B469-95925220BC3A}.Release|iPhone.ActiveCfg = Release|iPhone
		{353A4FEA-62D5-4D45-B469-95925220BC3A}.Release|iPhone.Build.0 = Release|iPhone
		{353A4FEA-62D5-4D45-B469-95925220BC3A}.Release|iPhone.Deploy.0 = Release|iPhone
		{353A4FEA-62D5-4D45-B469-95925220BC3A}.Release|iPhoneSimulator.ActiveCfg = Release|iPhoneSimulator
		{353A4FEA-62D5-4D45-B469-95925220BC3A}.Release|iPhoneSimulator.Build.0 = Release|iPhoneSimulator
		{353A4FEA-62D5-4D45-B469-95925220BC3A}.Release|iPhoneSimulator.Deploy.0 = Release|iPhoneSimulator
		{353A4FEA-62D5-4D45-B469-95925220BC3A}.Release|x64.ActiveCfg = Release|iPhoneSimulator
		{353A4FEA-62D5-4D45-B469-95925220BC3A}.Release|x64.Build.0 = Release|iPhoneSimulator
		{353A4FEA-62D5-4D45-B469-95925220BC3A}.Release|x64.Deploy.0 = Release|iPhoneSimulator
		{353A4FEA-62D5-4D45-B469-95925220BC3A}.Release|x86.ActiveCfg = Release|iPhoneSimulator
		{353A4FEA-62D5-4D45-B469-95925220BC3A}.Release|x86.Build.0 = Release|iPhoneSimulator
		{353A4FEA-62D5-4D45-B469-95925220BC3A}.Release|x86.Deploy.0 = Release|iPhoneSimulator
		{D1988BED-E3D5-4E1C-AEBA-47F288C4B25D}.Debug|Any CPU.ActiveCfg = Debug|Any CPU
		{D1988BED-E3D5-4E1C-AEBA-47F288C4B25D}.Debug|Any CPU.Build.0 = Debug|Any CPU
		{D1988BED-E3D5-4E1C-AEBA-47F288C4B25D}.Debug|Any CPU.Deploy.0 = Debug|Any CPU
		{D1988BED-E3D5-4E1C-AEBA-47F288C4B25D}.Debug|ARM.ActiveCfg = Debug|Any CPU
		{D1988BED-E3D5-4E1C-AEBA-47F288C4B25D}.Debug|ARM.Build.0 = Debug|Any CPU
		{D1988BED-E3D5-4E1C-AEBA-47F288C4B25D}.Debug|ARM.Deploy.0 = Debug|Any CPU
		{D1988BED-E3D5-4E1C-AEBA-47F288C4B25D}.Debug|iPhone.ActiveCfg = Debug|Any CPU
		{D1988BED-E3D5-4E1C-AEBA-47F288C4B25D}.Debug|iPhone.Build.0 = Debug|Any CPU
		{D1988BED-E3D5-4E1C-AEBA-47F288C4B25D}.Debug|iPhone.Deploy.0 = Debug|Any CPU
		{D1988BED-E3D5-4E1C-AEBA-47F288C4B25D}.Debug|iPhoneSimulator.ActiveCfg = Debug|Any CPU
		{D1988BED-E3D5-4E1C-AEBA-47F288C4B25D}.Debug|iPhoneSimulator.Build.0 = Debug|Any CPU
		{D1988BED-E3D5-4E1C-AEBA-47F288C4B25D}.Debug|iPhoneSimulator.Deploy.0 = Debug|Any CPU
		{D1988BED-E3D5-4E1C-AEBA-47F288C4B25D}.Debug|x64.ActiveCfg = Debug|Any CPU
		{D1988BED-E3D5-4E1C-AEBA-47F288C4B25D}.Debug|x64.Build.0 = Debug|Any CPU
		{D1988BED-E3D5-4E1C-AEBA-47F288C4B25D}.Debug|x64.Deploy.0 = Debug|Any CPU
		{D1988BED-E3D5-4E1C-AEBA-47F288C4B25D}.Debug|x86.ActiveCfg = Debug|Any CPU
		{D1988BED-E3D5-4E1C-AEBA-47F288C4B25D}.Debug|x86.Build.0 = Debug|Any CPU
		{D1988BED-E3D5-4E1C-AEBA-47F288C4B25D}.Debug|x86.Deploy.0 = Debug|Any CPU
		{D1988BED-E3D5-4E1C-AEBA-47F288C4B25D}.Release|Any CPU.ActiveCfg = Release|Any CPU
		{D1988BED-E3D5-4E1C-AEBA-47F288C4B25D}.Release|Any CPU.Build.0 = Release|Any CPU
		{D1988BED-E3D5-4E1C-AEBA-47F288C4B25D}.Release|Any CPU.Deploy.0 = Release|Any CPU
		{D1988BED-E3D5-4E1C-AEBA-47F288C4B25D}.Release|ARM.ActiveCfg = Release|Any CPU
		{D1988BED-E3D5-4E1C-AEBA-47F288C4B25D}.Release|ARM.Build.0 = Release|Any CPU
		{D1988BED-E3D5-4E1C-AEBA-47F288C4B25D}.Release|ARM.Deploy.0 = Release|Any CPU
		{D1988BED-E3D5-4E1C-AEBA-47F288C4B25D}.Release|iPhone.ActiveCfg = Release|Any CPU
		{D1988BED-E3D5-4E1C-AEBA-47F288C4B25D}.Release|iPhone.Build.0 = Release|Any CPU
		{D1988BED-E3D5-4E1C-AEBA-47F288C4B25D}.Release|iPhone.Deploy.0 = Release|Any CPU
		{D1988BED-E3D5-4E1C-AEBA-47F288C4B25D}.Release|iPhoneSimulator.ActiveCfg = Release|Any CPU
		{D1988BED-E3D5-4E1C-AEBA-47F288C4B25D}.Release|iPhoneSimulator.Build.0 = Release|Any CPU
		{D1988BED-E3D5-4E1C-AEBA-47F288C4B25D}.Release|iPhoneSimulator.Deploy.0 = Release|Any CPU
		{D1988BED-E3D5-4E1C-AEBA-47F288C4B25D}.Release|x64.ActiveCfg = Release|Any CPU
		{D1988BED-E3D5-4E1C-AEBA-47F288C4B25D}.Release|x64.Build.0 = Release|Any CPU
		{D1988BED-E3D5-4E1C-AEBA-47F288C4B25D}.Release|x64.Deploy.0 = Release|Any CPU
		{D1988BED-E3D5-4E1C-AEBA-47F288C4B25D}.Release|x86.ActiveCfg = Release|Any CPU
		{D1988BED-E3D5-4E1C-AEBA-47F288C4B25D}.Release|x86.Build.0 = Release|Any CPU
		{D1988BED-E3D5-4E1C-AEBA-47F288C4B25D}.Release|x86.Deploy.0 = Release|Any CPU
	EndGlobalSection
	GlobalSection(SolutionProperties) = preSolution
		HideSolutionNode = FALSE
	EndGlobalSection
	GlobalSection(ExtensibilityGlobals) = postSolution
		SolutionGuid = {E83FBBE0-D5E3-4CF0-B43F-4F5C874B811E}
	EndGlobalSection
EndGlobal
